<?xml version="1.0" encoding="utf-8"?>
<Project ToolsVersion="4.0" xmlns="http://schemas.microsoft.com/developer/msbuild/2003">
  <ItemGroup>
    <Filter Include="system">
      <UniqueIdentifier>{22dd8095-74f9-46df-81a1-36675a040b1f}</UniqueIdentifier>
    </Filter>
    <Filter Include="Actor">
      <UniqueIdentifier>{cfb0ffa8-58eb-417e-8659-952e0d6a921d}</UniqueIdentifier>
    </Filter>
    <Filter Include="Util">
      <UniqueIdentifier>{fc724af7-b971-41dd-b320-c3504cc88c94}</UniqueIdentifier>
    </Filter>
    <Filter Include="Json">
      <UniqueIdentifier>{b44d2ee9-909f-450b-9bfb-0ab94a066ca6}</UniqueIdentifier>
    </Filter>
    <Filter Include="Core">
      <UniqueIdentifier>{6b799616-b66a-43da-b801-788d3d603f06}</UniqueIdentifier>
    </Filter>
    <Filter Include="Actor\Player">
      <UniqueIdentifier>{b83aabec-8e14-499f-86d6-5ab412032990}</UniqueIdentifier>
    </Filter>
    <Filter Include="Actor\Enemy">
      <UniqueIdentifier>{03fd526d-f039-4f4e-ad57-2a7c50df1119}</UniqueIdentifier>
    </Filter>
    <Filter Include="Actor\Wall">
      <UniqueIdentifier>{d2d06759-6ee7-435d-92fd-7784211d05d7}</UniqueIdentifier>
    </Filter>
    <Filter Include="Actor\Gun">
      <UniqueIdentifier>{e9764cf7-90e9-40a4-9e0d-b61971ccc83a}</UniqueIdentifier>
    </Filter>
    <Filter Include="UI">
      <UniqueIdentifier>{44a9a897-7952-4966-be08-44d62342a46f}</UniqueIdentifier>
    </Filter>
    <Filter Include="Actor\Bullet">
      <UniqueIdentifier>{6dcb9e61-1df2-490a-80ba-4fdb05c253c3}</UniqueIdentifier>
    </Filter>
    <Filter Include="Collision">
      <UniqueIdentifier>{86991c69-d1cf-44b6-8a26-e60e8e6b8c91}</UniqueIdentifier>
    </Filter>
  </ItemGroup>
  <ItemGroup>
    <ClCompile Include="stdafx.cpp" />
    <ClCompile Include="main.cpp" />
    <ClCompile Include="system\system.cpp">
      <Filter>system</Filter>
    </ClCompile>
    <ClCompile Include="src\Transform.cpp" />
    <ClCompile Include="src\Actor\Actor.cpp">
      <Filter>Actor</Filter>
    </ClCompile>
    <ClCompile Include="src\Actor\CharacterBase.cpp">
      <Filter>Actor</Filter>
    </ClCompile>
    <ClCompile Include="src\Core\ParameterManager.cpp">
      <Filter>Core</Filter>
    </ClCompile>
    <ClCompile Include="src\Actor\StateMachine.cpp">
      <Filter>Actor</Filter>
    </ClCompile>
    <ClCompile Include="src\Actor\IState.cpp">
      <Filter>Actor</Filter>
    </ClCompile>
    <ClCompile Include="src\Actor\Player\Player.cpp">
      <Filter>Actor\Player</Filter>
    </ClCompile>
    <ClCompile Include="src\Actor\Player\PlayerState.cpp">
      <Filter>Actor\Player</Filter>
    </ClCompile>
    <ClCompile Include="src\Actor\Player\PlayerStateMachine.cpp">
      <Filter>Actor\Player</Filter>
    </ClCompile>
    <ClCompile Include="src\Actor\Enemy\EnemyBase.cpp">
      <Filter>Actor\Enemy</Filter>
    </ClCompile>
    <ClCompile Include="src\Actor\Enemy\Zombie.cpp">
      <Filter>Actor\Enemy</Filter>
    </ClCompile>
    <ClCompile Include="src\Actor\Enemy\EnemyStatus.cpp">
      <Filter>Actor\Enemy</Filter>
    </ClCompile>
    <ClCompile Include="src\Actor\Player\PlayerStatus.cpp">
      <Filter>Actor\Player</Filter>
    </ClCompile>
    <ClCompile Include="src\Actor\ActorStatus.cpp">
      <Filter>Actor</Filter>
    </ClCompile>
    <ClCompile Include="src\Core\BattleManager.cpp">
      <Filter>Core</Filter>
    </ClCompile>
    <ClCompile Include="src\UI\Crosshair.cpp">
      <Filter>UI</Filter>
    </ClCompile>
    <ClCompile Include="src\Actor\Bullet\NormalBullet.cpp">
      <Filter>Actor\Bullet</Filter>
    </ClCompile>
    <ClCompile Include="src\Actor\Bullet\BulletBase.cpp">
      <Filter>Actor\Bullet</Filter>
    </ClCompile>
    <ClCompile Include="src\Actor\Gun\GunBase.cpp">
      <Filter>Actor\Gun</Filter>
    </ClCompile>
    <ClCompile Include="src\Collision\CollisionManager.cpp">
      <Filter>Collision</Filter>
    </ClCompile>
    <ClCompile Include="src\Sound\SoundManager.cpp" />
    <ClCompile Include="src\Effect\EffectManager.cpp" />
    <ClCompile Include="src\Core\Game.cpp" />
    <ClCompile Include="src\Actor\Enemy\ZombieStatus.cpp" />
    <ClCompile Include="src\Actor\Enemy\EnemySpawner.cpp" />
    <ClCompile Include="src\Actor\BackGround\BackGround.cpp" />
    <ClCompile Include="src\Actor\Enemy\ZombieStateMachine.cpp" />
    <ClCompile Include="src\Actor\Enemy\ZombieState.cpp" />
    <ClCompile Include="src\Camera\GameCamera.cpp" />
    <ClCompile Include="src\UI\UIBase.cpp" />
    <ClCompile Include="src\UI\RemainingBulletsUI.cpp" />
    <ClCompile Include="src\UI\InGameUIManager.cpp" />
    <ClCompile Include="src\UI\ScoreUI.cpp" />
    <ClCompile Include="src\Scene\IScene.cpp" />
    <ClCompile Include="src\Scene\SceneManager.cpp" />
    <ClCompile Include="src\Scene\InGameScene.cpp" />
    <ClCompile Include="src\Scene\ResultScene.cpp" />
    <ClCompile Include="src\Scene\TitleScene.cpp" />
    <ClCompile Include="src\UI\ResultUIManager.cpp" />
    <ClCompile Include="src\UI\TitleUIManager .cpp" />
    <ClCompile Include="src\UI\TitleScreen.cpp" />
    <ClCompile Include="src\GameFlow\GameFlowManager.cpp" />
    <ClCompile Include="src\GameFlow\ScoreCounter.cpp" />
    <ClCompile Include="src\Actor\Enemy\EnemyManager.cpp" />
    <ClCompile Include="src\Actor\Enemy\EnemyPoolManager.cpp" />
    <ClCompile Include="src\UI\RemainingEnemyUI.cpp" />
    <ClCompile Include="src\GameFlow\BattleFlow.cpp" />
    <ClCompile Include="src\GameFlow\PreparationFlow.cpp" />
    <ClCompile Include="src\UI\ResultScreen.cpp" />
    <ClCompile Include="src\Actor\Wall\Wall.cpp" />
    <ClCompile Include="src\UI\WallHPUI.cpp" />
    <ClCompile Include="src\UI\CountdownUI.cpp" />
    <ClCompile Include="src\UI\MiniMapUI.cpp" />
    <ClCompile Include="src\Core\SaveData.cpp" />
    <ClCompile Include="src\UI\LateResultScreen.cpp" />
    <ClCompile Include="src\Actor\Bullet\BulletManager.cpp" />
    <ClCompile Include="src\Battle\Inventory.cpp" />
    <ClCompile Include="src\Battle\Shop.cpp" />
    <ClCompile Include="src\UI\ShopUI.cpp" />
    <ClCompile Include="src\Core\ModelLOD.cpp" />
    <ClCompile Include="src\Actor\Gun\MainWeapon.cpp" />
    <ClCompile Include="src\Actor\Gun\SubWeapon.cpp" />
    <ClCompile Include="src\Actor\BackGround\FogObject.cpp" />
    <ClCompile Include="src\UI\CaveatUI.cpp" />
    <ClCompile Include="src\Actor\Enemy\Boss\Boss.cpp" />
    <ClCompile Include="src\Actor\Enemy\Boss\BossState.cpp" />
    <ClCompile Include="src\Actor\Enemy\Boss\BossStateMachine.cpp" />
    <ClCompile Include="src\Actor\Enemy\Boss\BossStatus.cpp" />
    <ClCompile Include="src\Actor\Enemy\Boss\ThrowStone.cpp" />
  </ItemGroup>
  <ItemGroup>
    <ClInclude Include="stdafx.h" />
    <ClInclude Include="system\system.h">
      <Filter>system</Filter>
    </ClInclude>
    <ClInclude Include="src\Transform.h" />
    <ClInclude Include="src\Actor\Actor.h">
      <Filter>Actor</Filter>
    </ClInclude>
    <ClInclude Include="src\Actor\CharacterBase.h">
      <Filter>Actor</Filter>
    </ClInclude>
    <ClInclude Include="src\Util\CRC32.h">
      <Filter>Util</Filter>
    </ClInclude>
    <ClInclude Include="src\Json\json.hpp">
      <Filter>Json</Filter>
    </ClInclude>
    <ClInclude Include="src\Core\ParameterManager.h">
      <Filter>Core</Filter>
    </ClInclude>
    <ClInclude Include="src\Actor\StateMachine.h">
      <Filter>Actor</Filter>
    </ClInclude>
    <ClInclude Include="src\Actor\IState.h">
      <Filter>Actor</Filter>
    </ClInclude>
    <ClInclude Include="src\Actor\Player\Player.h">
      <Filter>Actor\Player</Filter>
    </ClInclude>
    <ClInclude Include="src\Actor\Player\PlayerStateMachine.h">
      <Filter>Actor\Player</Filter>
    </ClInclude>
    <ClInclude Include="src\Actor\Player\PlayerState.h">
      <Filter>Actor\Player</Filter>
    </ClInclude>
    <ClInclude Include="src\Actor\Enemy\EnemyBase.h">
      <Filter>Actor\Enemy</Filter>
    </ClInclude>
    <ClInclude Include="src\Actor\Enemy\Zombie.h">
      <Filter>Actor\Enemy</Filter>
    </ClInclude>
    <ClInclude Include="src\Actor\Enemy\EnemyStatus.h">
      <Filter>Actor\Enemy</Filter>
    </ClInclude>
    <ClInclude Include="src\Actor\Player\PlayerStatus.h">
      <Filter>Actor\Player</Filter>
    </ClInclude>
    <ClInclude Include="src\Actor\ActorStatus.h">
      <Filter>Actor</Filter>
    </ClInclude>
    <ClInclude Include="src\Core\BattleManager.h">
      <Filter>Core</Filter>
    </ClInclude>
    <ClInclude Include="Types.h" />
    <ClInclude Include="src\UI\Crosshair.h">
      <Filter>UI</Filter>
    </ClInclude>
    <ClInclude Include="src\Actor\Bullet\NormalBullet.h">
      <Filter>Actor\Bullet</Filter>
    </ClInclude>
    <ClInclude Include="src\Actor\Bullet\BulletBase.h">
      <Filter>Actor\Bullet</Filter>
    </ClInclude>
    <ClInclude Include="src\Actor\Gun\GunBase.h">
      <Filter>Actor\Gun</Filter>
    </ClInclude>
    <ClInclude Include="src\Collision\CollisionManager.h">
      <Filter>Collision</Filter>
    </ClInclude>
    <ClInclude Include="src\Sound\SoundManager.h" />
    <ClInclude Include="src\Sound\Types.h" />
    <ClInclude Include="src\Effect\EffectManager.h" />
    <ClInclude Include="src\Effect\Types.h" />
    <ClInclude Include="src\Core\Game.h" />
    <ClInclude Include="src\Actor\Enemy\ZombieStatus.h" />
    <ClInclude Include="src\Actor\Enemy\EnemySpawner.h" />
    <ClInclude Include="src\Actor\BackGround\BackGround.h" />
    <ClInclude Include="src\Actor\Enemy\ZombieStateMachine.h" />
    <ClInclude Include="src\Actor\Enemy\ZombieState.h" />
    <ClInclude Include="src\Camera\GameCamera.h" />
    <ClInclude Include="src\UI\UIBase.h" />
    <ClInclude Include="src\UI\RemainingBulletsUI.h" />
    <ClInclude Include="src\UI\InGameUIManager.h" />
    <ClInclude Include="src\UI\ScoreUI.h" />
    <ClInclude Include="src\Scene\IScene.h" />
    <ClInclude Include="src\Scene\SceneManager.h" />
    <ClInclude Include="src\Scene\InGameScene.h" />
    <ClInclude Include="src\Scene\ResultScene.h" />
    <ClInclude Include="src\Scene\TitleScene.h" />
    <ClInclude Include="src\UI\ResultUIManager.h" />
    <ClInclude Include="src\UI\TitleUIManager .h" />
    <ClInclude Include="src\UI\TitleUIManager.h" />
    <ClInclude Include="src\UI\TitleScreen.h" />
    <ClInclude Include="src\GameFlow\GameFlowManager.h" />
    <ClInclude Include="src\GameFlow\ScoreCounter.h" />
    <ClInclude Include="src\Actor\Enemy\EnemyManager.h" />
    <ClInclude Include="src\Actor\Enemy\EnemyPoolManager.h" />
    <ClInclude Include="src\UI\RemainingEnemyUI.h" />
    <ClInclude Include="src\GameFlow\BattleFlow.h" />
    <ClInclude Include="src\GameFlow\PreparationFlow.h" />
    <ClInclude Include="src\UI\ResultScreen.h" />
    <ClInclude Include="src\Actor\Wall\Wall.h" />
    <ClInclude Include="src\UI\WallHPUI.h" />
    <ClInclude Include="src\UI\CountdownUI.h" />
    <ClInclude Include="src\UI\MiniMapUI.h" />
    <ClInclude Include="src\Core\SaveData.h" />
    <ClInclude Include="src\UI\LateResultScreen.h" />
    <ClInclude Include="src\Actor\Bullet\BulletManager.h" />
    <ClInclude Include="src\Battle\Inventory.h" />
    <ClInclude Include="src\Battle\Shop.h" />
    <ClInclude Include="src\UI\ShopUI.h" />
    <ClInclude Include="src\Core\ModelLOD.h" />
    <ClInclude Include="src\Actor\Gun\MainWeapon.h" />
    <ClInclude Include="src\Actor\Gun\SubWeapon.h" />
    <ClInclude Include="src\Actor\BackGround\FogObject.h" />
    <ClInclude Include="src\UI\CaveatUI.h" />
    <ClInclude Include="src\Actor\Enemy\Boss\Boss.h" />
    <ClInclude Include="src\Actor\Enemy\Boss\BossState.h" />
    <ClInclude Include="src\Actor\Enemy\Boss\BossStateMachine.h" />
    <ClInclude Include="src\Actor\Enemy\Boss\BossStatus.h" />
    <ClInclude Include="src\Actor\Enemy\Boss\ThrowStone.h" />
  </ItemGroup>
</Project>